dependencies:
- name: postgresql
  repository: https://charts.bitnami.com/bitnami
  version: 12.1.9
- name: redis
  repository: https://charts.bitnami.com/bitnami
  version: 17.15.0
digest: sha256:0d41b36b1b2f9fc842979cb33f4359360b4aa8cd61afd339b8f947da01e6ff3e
generated: "2024-03-11T13:01:40.011+04:00"
